
Microsoft Visual Studio Solution File, Format Version 12.00
# Visual Studio Version 17
VisualStudioVersion = 17.1.32421.90
MinimumVisualStudioVersion = 10.0.40219.1
Project("{FAE04EC0-301F-11D3-BF4B-00C04F79EFBC}") = "CRMNAJOTACADEMY", "CRMNAJOTACADEMY\CRMNAJOTACADEMY.csproj", "{0B48CBA8-DBF9-4D33-8096-0C7267E4AC4E}"
EndProject
Global
	GlobalSection(SolutionConfigurationPlatforms) = preSolution
		Debug|Any CPU = Debug|Any CPU
		Release|Any CPU = Release|Any CPU
	EndGlobalSection
	GlobalSection(ProjectConfigurationPlatforms) = postSolution
		{0B48CBA8-DBF9-4D33-8096-0C7267E4AC4E}.Debug|Any CPU.ActiveCfg = Debug|Any CPU
		{0B48CBA8-DBF9-4D33-8096-0C7267E4AC4E}.Debug|Any CPU.Build.0 = Debug|Any CPU
		{0B48CBA8-DBF9-4D33-8096-0C7267E4AC4E}.Release|Any CPU.ActiveCfg = Release|Any CPU
		{0B48CBA8-DBF9-4D33-8096-0C7267E4AC4E}.Release|Any CPU.Build.0 = Release|Any CPU
	EndGlobalSection
	GlobalSection(SolutionProperties) = preSolution
		HideSolutionNode = FALSE
	EndGlobalSection
	GlobalSection(ExtensibilityGlobals) = postSolution
		SolutionGuid = {1206055E-7BF4-4505-BEEB-8D726FA12F80}
	EndGlobalSection
EndGlobal
